// !$*UTF8*$!
{
	archiveVersion = 1;
	classes = {
	};
	objectVersion = 46;
	objects = {

/* Begin PBXAggregateTarget section */
		"Prefix::PrefixPackageTests::ProductTarget" /* PrefixPackageTests */ = {
			isa = PBXAggregateTarget;
			buildConfigurationList = OBJ_143 /* Build configuration list for PBXAggregateTarget "PrefixPackageTests" */;
			buildPhases = (
			);
			dependencies = (
				OBJ_146 /* PBXTargetDependency */,
			);
			name = PrefixPackageTests;
			productName = PrefixPackageTests;
		};
/* End PBXAggregateTarget section */

/* Begin PBXBuildFile section */
		410D4032208F771B0001F0DE /* FileExtension.swift in Sources */ = {isa = PBXBuildFile; fileRef = 410D4030208F76140001F0DE /* FileExtension.swift */; };
		410D4061209093FB0001F0DE /* PrefixTestFile.swift in Sources */ = {isa = PBXBuildFile; fileRef = 410D405F20908E200001F0DE /* PrefixTestFile.swift */; };
		410D4065209095AE0001F0DE /* PrefixTestFile.swift in CopyFiles */ = {isa = PBXBuildFile; fileRef = 410D405F20908E200001F0DE /* PrefixTestFile.swift */; };
		410D406720909AE00001F0DE /* PrefixStringExtensionTests.swift in Sources */ = {isa = PBXBuildFile; fileRef = 410D406620909AE00001F0DE /* PrefixStringExtensionTests.swift */; };
		410D40692090C4AE0001F0DE /* PrefixParserTests.swift in Sources */ = {isa = PBXBuildFile; fileRef = 410D40682090C4AE0001F0DE /* PrefixParserTests.swift */; };
		4114EB47209A15660025E1ED /* PrefixFrameworkExtension.swift in Sources */ = {isa = PBXBuildFile; fileRef = 414D10C92097777500B77747 /* PrefixFrameworkExtension.swift */; };
		4114EB48209A15700025E1ED /* PrefixFramework.swift in Sources */ = {isa = PBXBuildFile; fileRef = 414D10C62097750000B77747 /* PrefixFramework.swift */; };
		4114EB50209A42F20025E1ED /* AppDelegate.swift in Sources */ = {isa = PBXBuildFile; fileRef = 4114EB4F209A42F20025E1ED /* AppDelegate.swift */; };
		4114EB52209A42F20025E1ED /* ViewController.swift in Sources */ = {isa = PBXBuildFile; fileRef = 4114EB51209A42F20025E1ED /* ViewController.swift */; };
		4114EB54209A42F20025E1ED /* Assets.xcassets in Resources */ = {isa = PBXBuildFile; fileRef = 4114EB53209A42F20025E1ED /* Assets.xcassets */; };
		4114EB57209A42F20025E1ED /* Main.storyboard in Resources */ = {isa = PBXBuildFile; fileRef = 4114EB55209A42F20025E1ED /* Main.storyboard */; };
		4114EB5D209A430F0025E1ED /* PrefixCore.framework in Frameworks */ = {isa = PBXBuildFile; fileRef = "Prefix::PrefixCore::Product" /* PrefixCore.framework */; };
		4114EB5E209A430F0025E1ED /* PrefixCore.framework in Embed Frameworks */ = {isa = PBXBuildFile; fileRef = "Prefix::PrefixCore::Product" /* PrefixCore.framework */; settings = {ATTRIBUTES = (CodeSignOnCopy, RemoveHeadersOnCopy, ); }; };
		4114EB61209A430F0025E1ED /* Files.framework in Frameworks */ = {isa = PBXBuildFile; fileRef = "Files::Files::Product" /* Files.framework */; };
		4114EB62209A430F0025E1ED /* Files.framework in Embed Frameworks */ = {isa = PBXBuildFile; fileRef = "Files::Files::Product" /* Files.framework */; settings = {ATTRIBUTES = (CodeSignOnCopy, RemoveHeadersOnCopy, ); }; };
		41B2136D20988ED000172FDB /* PrefixRefactor.swift in Sources */ = {isa = PBXBuildFile; fileRef = 41B2136A20988E8600172FDB /* PrefixRefactor.swift */; };
		41B2136F20988F3D00172FDB /* PrefixError.swift in Sources */ = {isa = PBXBuildFile; fileRef = 41B2136E20988F3D00172FDB /* PrefixError.swift */; };
		OBJ_102 /* PrefixFiles.swift in Sources */ = {isa = PBXBuildFile; fileRef = OBJ_9 /* PrefixFiles.swift */; };
		OBJ_103 /* PrefixParser.swift in Sources */ = {isa = PBXBuildFile; fileRef = OBJ_10 /* PrefixParser.swift */; };
		OBJ_104 /* PrefixTypedValue.swift in Sources */ = {isa = PBXBuildFile; fileRef = OBJ_11 /* PrefixTypedValue.swift */; };
		OBJ_105 /* StringExtension.swift in Sources */ = {isa = PBXBuildFile; fileRef = OBJ_12 /* StringExtension.swift */; };
		OBJ_107 /* Files.framework in Frameworks */ = {isa = PBXBuildFile; fileRef = "Files::Files::Product" /* Files.framework */; };
		OBJ_108 /* SwiftCLI.framework in Frameworks */ = {isa = PBXBuildFile; fileRef = "SwiftCLI::SwiftCLI::Product" /* SwiftCLI.framework */; };
		OBJ_115 /* Files.swift in Sources */ = {isa = PBXBuildFile; fileRef = OBJ_21 /* Files.swift */; };
		OBJ_121 /* ArgumentList.swift in Sources */ = {isa = PBXBuildFile; fileRef = OBJ_24 /* ArgumentList.swift */; };
		OBJ_122 /* ArgumentListManipulator.swift in Sources */ = {isa = PBXBuildFile; fileRef = OBJ_25 /* ArgumentListManipulator.swift */; };
		OBJ_123 /* CLI.swift in Sources */ = {isa = PBXBuildFile; fileRef = OBJ_26 /* CLI.swift */; };
		OBJ_124 /* Command.swift in Sources */ = {isa = PBXBuildFile; fileRef = OBJ_27 /* Command.swift */; };
		OBJ_125 /* Compatibility.swift in Sources */ = {isa = PBXBuildFile; fileRef = OBJ_28 /* Compatibility.swift */; };
		OBJ_126 /* CompletionGenerator.swift in Sources */ = {isa = PBXBuildFile; fileRef = OBJ_29 /* CompletionGenerator.swift */; };
		OBJ_127 /* Error.swift in Sources */ = {isa = PBXBuildFile; fileRef = OBJ_30 /* Error.swift */; };
		OBJ_128 /* HelpCommand.swift in Sources */ = {isa = PBXBuildFile; fileRef = OBJ_31 /* HelpCommand.swift */; };
		OBJ_129 /* HelpMessageGenerator.swift in Sources */ = {isa = PBXBuildFile; fileRef = OBJ_32 /* HelpMessageGenerator.swift */; };
		OBJ_130 /* Input.swift in Sources */ = {isa = PBXBuildFile; fileRef = OBJ_33 /* Input.swift */; };
		OBJ_131 /* Option.swift in Sources */ = {isa = PBXBuildFile; fileRef = OBJ_34 /* Option.swift */; };
		OBJ_132 /* OptionGroup.swift in Sources */ = {isa = PBXBuildFile; fileRef = OBJ_35 /* OptionGroup.swift */; };
		OBJ_133 /* OptionRegistry.swift in Sources */ = {isa = PBXBuildFile; fileRef = OBJ_36 /* OptionRegistry.swift */; };
		OBJ_134 /* Parameter.swift in Sources */ = {isa = PBXBuildFile; fileRef = OBJ_37 /* Parameter.swift */; };
		OBJ_135 /* Parser.swift in Sources */ = {isa = PBXBuildFile; fileRef = OBJ_38 /* Parser.swift */; };
		OBJ_136 /* Path.swift in Sources */ = {isa = PBXBuildFile; fileRef = OBJ_39 /* Path.swift */; };
		OBJ_137 /* Stream.swift in Sources */ = {isa = PBXBuildFile; fileRef = OBJ_40 /* Stream.swift */; };
		OBJ_138 /* Task.swift in Sources */ = {isa = PBXBuildFile; fileRef = OBJ_41 /* Task.swift */; };
		OBJ_139 /* Term.swift in Sources */ = {isa = PBXBuildFile; fileRef = OBJ_42 /* Term.swift */; };
		OBJ_140 /* VersionCommand.swift in Sources */ = {isa = PBXBuildFile; fileRef = OBJ_43 /* VersionCommand.swift */; };
		OBJ_56 /* Package.swift in Sources */ = {isa = PBXBuildFile; fileRef = OBJ_6 /* Package.swift */; };
		OBJ_62 /* Package.swift in Sources */ = {isa = PBXBuildFile; fileRef = OBJ_20 /* Package.swift */; };
		OBJ_68 /* Package.swift in Sources */ = {isa = PBXBuildFile; fileRef = OBJ_44 /* Package.swift */; };
		OBJ_74 /* main.swift in Sources */ = {isa = PBXBuildFile; fileRef = OBJ_14 /* main.swift */; };
		OBJ_76 /* PrefixCore.framework in Frameworks */ = {isa = PBXBuildFile; fileRef = "Prefix::PrefixCore::Product" /* PrefixCore.framework */; };
		OBJ_77 /* Files.framework in Frameworks */ = {isa = PBXBuildFile; fileRef = "Files::Files::Product" /* Files.framework */; };
		OBJ_78 /* SwiftCLI.framework in Frameworks */ = {isa = PBXBuildFile; fileRef = "SwiftCLI::SwiftCLI::Product" /* SwiftCLI.framework */; };
		OBJ_92 /* PrefixCore.framework in Frameworks */ = {isa = PBXBuildFile; fileRef = "Prefix::PrefixCore::Product" /* PrefixCore.framework */; };
		OBJ_93 /* Files.framework in Frameworks */ = {isa = PBXBuildFile; fileRef = "Files::Files::Product" /* Files.framework */; };
		OBJ_94 /* SwiftCLI.framework in Frameworks */ = {isa = PBXBuildFile; fileRef = "SwiftCLI::SwiftCLI::Product" /* SwiftCLI.framework */; };
/* End PBXBuildFile section */

/* Begin PBXContainerItemProxy section */
		410D4027208F629C0001F0DE /* PBXContainerItemProxy */ = {
			isa = PBXContainerItemProxy;
			containerPortal = OBJ_1 /* Project object */;
			proxyType = 1;
			remoteGlobalIDString = "Prefix::PrefixCore";
			remoteInfo = PrefixCore;
		};
		410D4028208F629C0001F0DE /* PBXContainerItemProxy */ = {
			isa = PBXContainerItemProxy;
			containerPortal = OBJ_1 /* Project object */;
			proxyType = 1;
			remoteGlobalIDString = "Files::Files";
			remoteInfo = Files;
		};
		410D4029208F629C0001F0DE /* PBXContainerItemProxy */ = {
			isa = PBXContainerItemProxy;
			containerPortal = OBJ_1 /* Project object */;
			proxyType = 1;
			remoteGlobalIDString = "SwiftCLI::SwiftCLI";
			remoteInfo = SwiftCLI;
		};
		410D402A208F629C0001F0DE /* PBXContainerItemProxy */ = {
			isa = PBXContainerItemProxy;
			containerPortal = OBJ_1 /* Project object */;
			proxyType = 1;
			remoteGlobalIDString = "Files::Files";
			remoteInfo = Files;
		};
		410D402B208F629C0001F0DE /* PBXContainerItemProxy */ = {
			isa = PBXContainerItemProxy;
			containerPortal = OBJ_1 /* Project object */;
			proxyType = 1;
			remoteGlobalIDString = "SwiftCLI::SwiftCLI";
			remoteInfo = SwiftCLI;
		};
		410D402C208F629C0001F0DE /* PBXContainerItemProxy */ = {
			isa = PBXContainerItemProxy;
			containerPortal = OBJ_1 /* Project object */;
			proxyType = 1;
			remoteGlobalIDString = "Prefix::PrefixCore";
			remoteInfo = PrefixCore;
		};
		410D402D208F629C0001F0DE /* PBXContainerItemProxy */ = {
			isa = PBXContainerItemProxy;
			containerPortal = OBJ_1 /* Project object */;
			proxyType = 1;
			remoteGlobalIDString = "Files::Files";
			remoteInfo = Files;
		};
		410D402E208F629C0001F0DE /* PBXContainerItemProxy */ = {
			isa = PBXContainerItemProxy;
			containerPortal = OBJ_1 /* Project object */;
			proxyType = 1;
			remoteGlobalIDString = "SwiftCLI::SwiftCLI";
			remoteInfo = SwiftCLI;
		};
		410D402F208F629D0001F0DE /* PBXContainerItemProxy */ = {
			isa = PBXContainerItemProxy;
			containerPortal = OBJ_1 /* Project object */;
			proxyType = 1;
			remoteGlobalIDString = "Prefix::PrefixTests";
			remoteInfo = PrefixTests;
		};
		4114EB5F209A430F0025E1ED /* PBXContainerItemProxy */ = {
			isa = PBXContainerItemProxy;
			containerPortal = OBJ_1 /* Project object */;
			proxyType = 1;
			remoteGlobalIDString = "Prefix::PrefixCore";
			remoteInfo = PrefixCore;
		};
		4114EB63209A430F0025E1ED /* PBXContainerItemProxy */ = {
			isa = PBXContainerItemProxy;
			containerPortal = OBJ_1 /* Project object */;
			proxyType = 1;
			remoteGlobalIDString = "Files::Files";
			remoteInfo = Files;
		};
/* End PBXContainerItemProxy section */

/* Begin PBXCopyFilesBuildPhase section */
		410D4064209095A60001F0DE /* CopyFiles */ = {
			isa = PBXCopyFilesBuildPhase;
			buildActionMask = 2147483647;
			dstPath = "";
			dstSubfolderSpec = 7;
			files = (
				410D4065209095AE0001F0DE /* PrefixTestFile.swift in CopyFiles */,
			);
			runOnlyForDeploymentPostprocessing = 0;
		};
		4114EB65209A430F0025E1ED /* Embed Frameworks */ = {
			isa = PBXCopyFilesBuildPhase;
			buildActionMask = 2147483647;
			dstPath = "";
			dstSubfolderSpec = 10;
			files = (
				4114EB62209A430F0025E1ED /* Files.framework in Embed Frameworks */,
				4114EB5E209A430F0025E1ED /* PrefixCore.framework in Embed Frameworks */,
			);
			name = "Embed Frameworks";
			runOnlyForDeploymentPostprocessing = 0;
		};
/* End PBXCopyFilesBuildPhase section */

/* Begin PBXFileReference section */
		410D4030208F76140001F0DE /* FileExtension.swift */ = {isa = PBXFileReference; lastKnownFileType = sourcecode.swift; path = FileExtension.swift; sourceTree = "<group>"; };
		410D405F20908E200001F0DE /* PrefixTestFile.swift */ = {isa = PBXFileReference; lastKnownFileType = sourcecode.swift; path = PrefixTestFile.swift; sourceTree = "<group>"; };
		410D406620909AE00001F0DE /* PrefixStringExtensionTests.swift */ = {isa = PBXFileReference; lastKnownFileType = sourcecode.swift; path = PrefixStringExtensionTests.swift; sourceTree = "<group>"; };
		410D40682090C4AE0001F0DE /* PrefixParserTests.swift */ = {isa = PBXFileReference; lastKnownFileType = sourcecode.swift; path = PrefixParserTests.swift; sourceTree = "<group>"; };
		4114EB4D209A42F10025E1ED /* PrefixApp.app */ = {isa = PBXFileReference; explicitFileType = wrapper.application; includeInIndex = 0; path = PrefixApp.app; sourceTree = BUILT_PRODUCTS_DIR; };
		4114EB4F209A42F20025E1ED /* AppDelegate.swift */ = {isa = PBXFileReference; lastKnownFileType = sourcecode.swift; path = AppDelegate.swift; sourceTree = "<group>"; };
		4114EB51209A42F20025E1ED /* ViewController.swift */ = {isa = PBXFileReference; lastKnownFileType = sourcecode.swift; path = ViewController.swift; sourceTree = "<group>"; };
		4114EB53209A42F20025E1ED /* Assets.xcassets */ = {isa = PBXFileReference; lastKnownFileType = folder.assetcatalog; path = Assets.xcassets; sourceTree = "<group>"; };
		4114EB56209A42F20025E1ED /* Base */ = {isa = PBXFileReference; lastKnownFileType = file.storyboard; name = Base; path = Base.lproj/Main.storyboard; sourceTree = "<group>"; };
		4114EB58209A42F20025E1ED /* Info.plist */ = {isa = PBXFileReference; lastKnownFileType = text.plist.xml; path = Info.plist; sourceTree = "<group>"; };
		4114EB59209A42F20025E1ED /* PrefixApp.entitlements */ = {isa = PBXFileReference; lastKnownFileType = text.plist.entitlements; path = PrefixApp.entitlements; sourceTree = "<group>"; };
		414D10C62097750000B77747 /* PrefixFramework.swift */ = {isa = PBXFileReference; lastKnownFileType = sourcecode.swift; path = PrefixFramework.swift; sourceTree = "<group>"; };
		414D10C92097777500B77747 /* PrefixFrameworkExtension.swift */ = {isa = PBXFileReference; lastKnownFileType = sourcecode.swift; path = PrefixFrameworkExtension.swift; sourceTree = "<group>"; };
		41B2136A20988E8600172FDB /* PrefixRefactor.swift */ = {isa = PBXFileReference; lastKnownFileType = sourcecode.swift; path = PrefixRefactor.swift; sourceTree = "<group>"; };
		41B2136E20988F3D00172FDB /* PrefixError.swift */ = {isa = PBXFileReference; lastKnownFileType = sourcecode.swift; path = PrefixError.swift; sourceTree = "<group>"; };
		"Files::Files::Product" /* Files.framework */ = {isa = PBXFileReference; explicitFileType = wrapper.framework; path = Files.framework; sourceTree = BUILT_PRODUCTS_DIR; };
		OBJ_10 /* PrefixParser.swift */ = {isa = PBXFileReference; lastKnownFileType = sourcecode.swift; path = PrefixParser.swift; sourceTree = "<group>"; };
		OBJ_11 /* PrefixTypedValue.swift */ = {isa = PBXFileReference; lastKnownFileType = sourcecode.swift; path = PrefixTypedValue.swift; sourceTree = "<group>"; };
		OBJ_12 /* StringExtension.swift */ = {isa = PBXFileReference; lastKnownFileType = sourcecode.swift; path = StringExtension.swift; sourceTree = "<group>"; };
		OBJ_14 /* main.swift */ = {isa = PBXFileReference; lastKnownFileType = sourcecode.swift; path = main.swift; sourceTree = "<group>"; };
		OBJ_20 /* Package.swift */ = {isa = PBXFileReference; explicitFileType = sourcecode.swift; name = Package.swift; path = "/Users/borinschiivan/Desktop/Prefix/.build/checkouts/Files.git-6739420172119258925/Package.swift"; sourceTree = "<group>"; };
		OBJ_21 /* Files.swift */ = {isa = PBXFileReference; lastKnownFileType = sourcecode.swift; path = Files.swift; sourceTree = "<group>"; };
		OBJ_24 /* ArgumentList.swift */ = {isa = PBXFileReference; lastKnownFileType = sourcecode.swift; path = ArgumentList.swift; sourceTree = "<group>"; };
		OBJ_25 /* ArgumentListManipulator.swift */ = {isa = PBXFileReference; lastKnownFileType = sourcecode.swift; path = ArgumentListManipulator.swift; sourceTree = "<group>"; };
		OBJ_26 /* CLI.swift */ = {isa = PBXFileReference; lastKnownFileType = sourcecode.swift; path = CLI.swift; sourceTree = "<group>"; };
		OBJ_27 /* Command.swift */ = {isa = PBXFileReference; lastKnownFileType = sourcecode.swift; path = Command.swift; sourceTree = "<group>"; };
		OBJ_28 /* Compatibility.swift */ = {isa = PBXFileReference; lastKnownFileType = sourcecode.swift; path = Compatibility.swift; sourceTree = "<group>"; };
		OBJ_29 /* CompletionGenerator.swift */ = {isa = PBXFileReference; lastKnownFileType = sourcecode.swift; path = CompletionGenerator.swift; sourceTree = "<group>"; };
		OBJ_30 /* Error.swift */ = {isa = PBXFileReference; lastKnownFileType = sourcecode.swift; path = Error.swift; sourceTree = "<group>"; };
		OBJ_31 /* HelpCommand.swift */ = {isa = PBXFileReference; lastKnownFileType = sourcecode.swift; path = HelpCommand.swift; sourceTree = "<group>"; };
		OBJ_32 /* HelpMessageGenerator.swift */ = {isa = PBXFileReference; lastKnownFileType = sourcecode.swift; path = HelpMessageGenerator.swift; sourceTree = "<group>"; };
		OBJ_33 /* Input.swift */ = {isa = PBXFileReference; lastKnownFileType = sourcecode.swift; path = Input.swift; sourceTree = "<group>"; };
		OBJ_34 /* Option.swift */ = {isa = PBXFileReference; lastKnownFileType = sourcecode.swift; path = Option.swift; sourceTree = "<group>"; };
		OBJ_35 /* OptionGroup.swift */ = {isa = PBXFileReference; lastKnownFileType = sourcecode.swift; path = OptionGroup.swift; sourceTree = "<group>"; };
		OBJ_36 /* OptionRegistry.swift */ = {isa = PBXFileReference; lastKnownFileType = sourcecode.swift; path = OptionRegistry.swift; sourceTree = "<group>"; };
		OBJ_37 /* Parameter.swift */ = {isa = PBXFileReference; lastKnownFileType = sourcecode.swift; path = Parameter.swift; sourceTree = "<group>"; };
		OBJ_38 /* Parser.swift */ = {isa = PBXFileReference; lastKnownFileType = sourcecode.swift; path = Parser.swift; sourceTree = "<group>"; };
		OBJ_39 /* Path.swift */ = {isa = PBXFileReference; lastKnownFileType = sourcecode.swift; path = Path.swift; sourceTree = "<group>"; };
		OBJ_40 /* Stream.swift */ = {isa = PBXFileReference; lastKnownFileType = sourcecode.swift; path = Stream.swift; sourceTree = "<group>"; };
		OBJ_41 /* Task.swift */ = {isa = PBXFileReference; lastKnownFileType = sourcecode.swift; path = Task.swift; sourceTree = "<group>"; };
		OBJ_42 /* Term.swift */ = {isa = PBXFileReference; lastKnownFileType = sourcecode.swift; path = Term.swift; sourceTree = "<group>"; };
		OBJ_43 /* VersionCommand.swift */ = {isa = PBXFileReference; lastKnownFileType = sourcecode.swift; path = VersionCommand.swift; sourceTree = "<group>"; };
		OBJ_44 /* Package.swift */ = {isa = PBXFileReference; explicitFileType = sourcecode.swift; name = Package.swift; path = "/Users/borinschiivan/Desktop/Prefix/.build/checkouts/SwiftCLI-8466703425035036135/Package.swift"; sourceTree = "<group>"; };
		OBJ_6 /* Package.swift */ = {isa = PBXFileReference; explicitFileType = sourcecode.swift; path = Package.swift; sourceTree = "<group>"; };
		OBJ_9 /* PrefixFiles.swift */ = {isa = PBXFileReference; lastKnownFileType = sourcecode.swift; path = PrefixFiles.swift; sourceTree = "<group>"; };
		"Prefix::Prefix::Product" /* Prefix */ = {isa = PBXFileReference; lastKnownFileType = text; path = Prefix; sourceTree = BUILT_PRODUCTS_DIR; };
		"Prefix::PrefixCore::Product" /* PrefixCore.framework */ = {isa = PBXFileReference; explicitFileType = wrapper.framework; path = PrefixCore.framework; sourceTree = BUILT_PRODUCTS_DIR; };
		"Prefix::PrefixTests::Product" /* PrefixTests.xctest */ = {isa = PBXFileReference; lastKnownFileType = file; path = PrefixTests.xctest; sourceTree = BUILT_PRODUCTS_DIR; };
		"SwiftCLI::SwiftCLI::Product" /* SwiftCLI.framework */ = {isa = PBXFileReference; explicitFileType = wrapper.framework; path = SwiftCLI.framework; sourceTree = BUILT_PRODUCTS_DIR; };
/* End PBXFileReference section */

/* Begin PBXFrameworksBuildPhase section */
		4114EB4A209A42F10025E1ED /* Frameworks */ = {
			isa = PBXFrameworksBuildPhase;
			buildActionMask = 2147483647;
			files = (
				4114EB61209A430F0025E1ED /* Files.framework in Frameworks */,
				4114EB5D209A430F0025E1ED /* PrefixCore.framework in Frameworks */,
			);
			runOnlyForDeploymentPostprocessing = 0;
		};
		OBJ_106 /* Frameworks */ = {
			isa = PBXFrameworksBuildPhase;
			buildActionMask = 0;
			files = (
				OBJ_107 /* Files.framework in Frameworks */,
				OBJ_108 /* SwiftCLI.framework in Frameworks */,
			);
			runOnlyForDeploymentPostprocessing = 0;
		};
		OBJ_116 /* Frameworks */ = {
			isa = PBXFrameworksBuildPhase;
			buildActionMask = 0;
			files = (
			);
			runOnlyForDeploymentPostprocessing = 0;
		};
		OBJ_141 /* Frameworks */ = {
			isa = PBXFrameworksBuildPhase;
			buildActionMask = 0;
			files = (
			);
			runOnlyForDeploymentPostprocessing = 0;
		};
		OBJ_75 /* Frameworks */ = {
			isa = PBXFrameworksBuildPhase;
			buildActionMask = 0;
			files = (
				OBJ_76 /* PrefixCore.framework in Frameworks */,
				OBJ_77 /* Files.framework in Frameworks */,
				OBJ_78 /* SwiftCLI.framework in Frameworks */,
			);
			runOnlyForDeploymentPostprocessing = 0;
		};
		OBJ_91 /* Frameworks */ = {
			isa = PBXFrameworksBuildPhase;
			buildActionMask = 0;
			files = (
				OBJ_92 /* PrefixCore.framework in Frameworks */,
				OBJ_93 /* Files.framework in Frameworks */,
				OBJ_94 /* SwiftCLI.framework in Frameworks */,
			);
			runOnlyForDeploymentPostprocessing = 0;
		};
/* End PBXFrameworksBuildPhase section */

/* Begin PBXGroup section */
		4114EB4E209A42F20025E1ED /* PrefixApp */ = {
			isa = PBXGroup;
			children = (
				4114EB4F209A42F20025E1ED /* AppDelegate.swift */,
				4114EB51209A42F20025E1ED /* ViewController.swift */,
				4114EB53209A42F20025E1ED /* Assets.xcassets */,
				4114EB55209A42F20025E1ED /* Main.storyboard */,
				4114EB58209A42F20025E1ED /* Info.plist */,
				4114EB59209A42F20025E1ED /* PrefixApp.entitlements */,
			);
			path = PrefixApp;
			sourceTree = "<group>";
		};
		OBJ_13 /* Prefix */ = {
			isa = PBXGroup;
			children = (
				OBJ_14 /* main.swift */,
			);
			name = Prefix;
			path = Sources/Prefix;
			sourceTree = SOURCE_ROOT;
		};
		OBJ_15 /* Tests */ = {
			isa = PBXGroup;
			children = (
				OBJ_16 /* PrefixTests */,
			);
			name = Tests;
			sourceTree = SOURCE_ROOT;
		};
		OBJ_16 /* PrefixTests */ = {
			isa = PBXGroup;
			children = (
				410D405F20908E200001F0DE /* PrefixTestFile.swift */,
				410D406620909AE00001F0DE /* PrefixStringExtensionTests.swift */,
				410D40682090C4AE0001F0DE /* PrefixParserTests.swift */,
			);
			name = PrefixTests;
			path = Tests/PrefixTests;
			sourceTree = SOURCE_ROOT;
		};
		OBJ_18 /* Dependencies */ = {
			isa = PBXGroup;
			children = (
				OBJ_19 /* Files 2.2.1 */,
				OBJ_22 /* SwiftCLI 5.0.0 */,
			);
			name = Dependencies;
			sourceTree = "<group>";
		};
		OBJ_19 /* Files 2.2.1 */ = {
			isa = PBXGroup;
			children = (
				OBJ_20 /* Package.swift */,
				OBJ_21 /* Files.swift */,
			);
			name = "Files 2.2.1";
			path = ".build/checkouts/Files.git-6739420172119258925/Sources";
			sourceTree = SOURCE_ROOT;
		};
		OBJ_22 /* SwiftCLI 5.0.0 */ = {
			isa = PBXGroup;
			children = (
				OBJ_23 /* SwiftCLI */,
				OBJ_44 /* Package.swift */,
			);
			name = "SwiftCLI 5.0.0";
			sourceTree = SOURCE_ROOT;
		};
		OBJ_23 /* SwiftCLI */ = {
			isa = PBXGroup;
			children = (
				OBJ_24 /* ArgumentList.swift */,
				OBJ_25 /* ArgumentListManipulator.swift */,
				OBJ_26 /* CLI.swift */,
				OBJ_27 /* Command.swift */,
				OBJ_28 /* Compatibility.swift */,
				OBJ_29 /* CompletionGenerator.swift */,
				OBJ_30 /* Error.swift */,
				OBJ_31 /* HelpCommand.swift */,
				OBJ_32 /* HelpMessageGenerator.swift */,
				OBJ_33 /* Input.swift */,
				OBJ_34 /* Option.swift */,
				OBJ_35 /* OptionGroup.swift */,
				OBJ_36 /* OptionRegistry.swift */,
				OBJ_37 /* Parameter.swift */,
				OBJ_38 /* Parser.swift */,
				OBJ_39 /* Path.swift */,
				OBJ_40 /* Stream.swift */,
				OBJ_41 /* Task.swift */,
				OBJ_42 /* Term.swift */,
				OBJ_43 /* VersionCommand.swift */,
			);
			name = SwiftCLI;
			path = ".build/checkouts/SwiftCLI-8466703425035036135/Sources/SwiftCLI";
			sourceTree = SOURCE_ROOT;
		};
		OBJ_45 /* Products */ = {
			isa = PBXGroup;
			children = (
				"Prefix::Prefix::Product" /* Prefix */,
				"Prefix::PrefixTests::Product" /* PrefixTests.xctest */,
				"Prefix::PrefixCore::Product" /* PrefixCore.framework */,
				"Files::Files::Product" /* Files.framework */,
				"SwiftCLI::SwiftCLI::Product" /* SwiftCLI.framework */,
				4114EB4D209A42F10025E1ED /* PrefixApp.app */,
			);
			name = Products;
			sourceTree = BUILT_PRODUCTS_DIR;
		};
		OBJ_5 = {
			isa = PBXGroup;
			children = (
				OBJ_6 /* Package.swift */,
				OBJ_7 /* Sources */,
				OBJ_15 /* Tests */,
				OBJ_18 /* Dependencies */,
				4114EB4E209A42F20025E1ED /* PrefixApp */,
				OBJ_45 /* Products */,
			);
			sourceTree = "<group>";
		};
		OBJ_7 /* Sources */ = {
			isa = PBXGroup;
			children = (
				OBJ_8 /* PrefixCore */,
				OBJ_13 /* Prefix */,
			);
			name = Sources;
			sourceTree = SOURCE_ROOT;
		};
		OBJ_8 /* PrefixCore */ = {
			isa = PBXGroup;
			children = (
				OBJ_9 /* PrefixFiles.swift */,
				OBJ_10 /* PrefixParser.swift */,
				OBJ_11 /* PrefixTypedValue.swift */,
				OBJ_12 /* StringExtension.swift */,
				410D4030208F76140001F0DE /* FileExtension.swift */,
				414D10C62097750000B77747 /* PrefixFramework.swift */,
				414D10C92097777500B77747 /* PrefixFrameworkExtension.swift */,
				41B2136A20988E8600172FDB /* PrefixRefactor.swift */,
				41B2136E20988F3D00172FDB /* PrefixError.swift */,
			);
			name = PrefixCore;
			path = Sources/PrefixCore;
			sourceTree = SOURCE_ROOT;
		};
/* End PBXGroup section */

/* Begin PBXNativeTarget section */
		4114EB4C209A42F10025E1ED /* PrefixApp */ = {
			isa = PBXNativeTarget;
			buildConfigurationList = 4114EB5C209A42F20025E1ED /* Build configuration list for PBXNativeTarget "PrefixApp" */;
			buildPhases = (
				4114EB49209A42F10025E1ED /* Sources */,
				4114EB4A209A42F10025E1ED /* Frameworks */,
				4114EB4B209A42F10025E1ED /* Resources */,
				4114EB65209A430F0025E1ED /* Embed Frameworks */,
			);
			buildRules = (
			);
			dependencies = (
				4114EB60209A430F0025E1ED /* PBXTargetDependency */,
				4114EB64209A430F0025E1ED /* PBXTargetDependency */,
			);
			name = PrefixApp;
			productName = PrefixApp;
			productReference = 4114EB4D209A42F10025E1ED /* PrefixApp.app */;
			productType = "com.apple.product-type.application";
		};
		"Files::Files" /* Files */ = {
			isa = PBXNativeTarget;
			buildConfigurationList = OBJ_111 /* Build configuration list for PBXNativeTarget "Files" */;
			buildPhases = (
				OBJ_114 /* Sources */,
				OBJ_116 /* Frameworks */,
			);
			buildRules = (
			);
			dependencies = (
			);
			name = Files;
			productName = Files;
			productReference = "Files::Files::Product" /* Files.framework */;
			productType = "com.apple.product-type.framework";
		};
		"Files::SwiftPMPackageDescription" /* FilesPackageDescription */ = {
			isa = PBXNativeTarget;
			buildConfigurationList = OBJ_58 /* Build configuration list for PBXNativeTarget "FilesPackageDescription" */;
			buildPhases = (
				OBJ_61 /* Sources */,
			);
			buildRules = (
			);
			dependencies = (
			);
			name = FilesPackageDescription;
			productName = FilesPackageDescription;
			productType = "com.apple.product-type.framework";
		};
		"Prefix::Prefix" /* Prefix */ = {
			isa = PBXNativeTarget;
			buildConfigurationList = OBJ_70 /* Build configuration list for PBXNativeTarget "Prefix" */;
			buildPhases = (
				OBJ_73 /* Sources */,
				OBJ_75 /* Frameworks */,
			);
			buildRules = (
			);
			dependencies = (
				OBJ_79 /* PBXTargetDependency */,
				OBJ_81 /* PBXTargetDependency */,
				OBJ_83 /* PBXTargetDependency */,
			);
			name = Prefix;
			productName = Prefix;
			productReference = "Prefix::Prefix::Product" /* Prefix */;
			productType = "com.apple.product-type.tool";
		};
		"Prefix::PrefixCore" /* PrefixCore */ = {
			isa = PBXNativeTarget;
			buildConfigurationList = OBJ_98 /* Build configuration list for PBXNativeTarget "PrefixCore" */;
			buildPhases = (
				OBJ_101 /* Sources */,
				OBJ_106 /* Frameworks */,
			);
			buildRules = (
			);
			dependencies = (
				OBJ_109 /* PBXTargetDependency */,
				OBJ_110 /* PBXTargetDependency */,
			);
			name = PrefixCore;
			productName = PrefixCore;
			productReference = "Prefix::PrefixCore::Product" /* PrefixCore.framework */;
			productType = "com.apple.product-type.framework";
		};
		"Prefix::PrefixTests" /* PrefixTests */ = {
			isa = PBXNativeTarget;
			buildConfigurationList = OBJ_86 /* Build configuration list for PBXNativeTarget "PrefixTests" */;
			buildPhases = (
				410D4064209095A60001F0DE /* CopyFiles */,
				OBJ_89 /* Sources */,
				OBJ_91 /* Frameworks */,
			);
			buildRules = (
			);
			dependencies = (
				OBJ_95 /* PBXTargetDependency */,
				OBJ_96 /* PBXTargetDependency */,
				OBJ_97 /* PBXTargetDependency */,
			);
			name = PrefixTests;
			productName = PrefixTests;
			productReference = "Prefix::PrefixTests::Product" /* PrefixTests.xctest */;
			productType = "com.apple.product-type.bundle.unit-test";
		};
		"Prefix::SwiftPMPackageDescription" /* PrefixPackageDescription */ = {
			isa = PBXNativeTarget;
			buildConfigurationList = OBJ_52 /* Build configuration list for PBXNativeTarget "PrefixPackageDescription" */;
			buildPhases = (
				OBJ_55 /* Sources */,
			);
			buildRules = (
			);
			dependencies = (
			);
			name = PrefixPackageDescription;
			productName = PrefixPackageDescription;
			productType = "com.apple.product-type.framework";
		};
		"SwiftCLI::SwiftCLI" /* SwiftCLI */ = {
			isa = PBXNativeTarget;
			buildConfigurationList = OBJ_117 /* Build configuration list for PBXNativeTarget "SwiftCLI" */;
			buildPhases = (
				OBJ_120 /* Sources */,
				OBJ_141 /* Frameworks */,
			);
			buildRules = (
			);
			dependencies = (
			);
			name = SwiftCLI;
			productName = SwiftCLI;
			productReference = "SwiftCLI::SwiftCLI::Product" /* SwiftCLI.framework */;
			productType = "com.apple.product-type.framework";
		};
		"SwiftCLI::SwiftPMPackageDescription" /* SwiftCLIPackageDescription */ = {
			isa = PBXNativeTarget;
			buildConfigurationList = OBJ_64 /* Build configuration list for PBXNativeTarget "SwiftCLIPackageDescription" */;
			buildPhases = (
				OBJ_67 /* Sources */,
			);
			buildRules = (
			);
			dependencies = (
			);
			name = SwiftCLIPackageDescription;
			productName = SwiftCLIPackageDescription;
			productType = "com.apple.product-type.framework";
		};
/* End PBXNativeTarget section */

/* Begin PBXProject section */
		OBJ_1 /* Project object */ = {
			isa = PBXProject;
			attributes = {
				LastSwiftUpdateCheck = 0920;
				LastUpgradeCheck = 9999;
				TargetAttributes = {
					4114EB4C209A42F10025E1ED = {
						CreatedOnToolsVersion = 9.2;
						DevelopmentTeam = T4R84BG8N8;
						ProvisioningStyle = Automatic;
					};
					"Files::Files" = {
						DevelopmentTeam = T4R84BG8N8;
					};
					"Prefix::PrefixCore" = {
						DevelopmentTeam = T4R84BG8N8;
					};
				};
			};
			buildConfigurationList = OBJ_2 /* Build configuration list for PBXProject "Prefix" */;
			compatibilityVersion = "Xcode 3.2";
			developmentRegion = English;
			hasScannedForEncodings = 0;
			knownRegions = (
				en,
				Base,
			);
			mainGroup = OBJ_5;
			productRefGroup = OBJ_45 /* Products */;
			projectDirPath = "";
			projectRoot = "";
			targets = (
				"Prefix::SwiftPMPackageDescription" /* PrefixPackageDescription */,
				"Files::SwiftPMPackageDescription" /* FilesPackageDescription */,
				"SwiftCLI::SwiftPMPackageDescription" /* SwiftCLIPackageDescription */,
				"Prefix::Prefix" /* Prefix */,
				"Prefix::PrefixTests" /* PrefixTests */,
				"Prefix::PrefixCore" /* PrefixCore */,
				"Files::Files" /* Files */,
				"SwiftCLI::SwiftCLI" /* SwiftCLI */,
				"Prefix::PrefixPackageTests::ProductTarget" /* PrefixPackageTests */,
				4114EB4C209A42F10025E1ED /* PrefixApp */,
			);
		};
/* End PBXProject section */

/* Begin PBXResourcesBuildPhase section */
		4114EB4B209A42F10025E1ED /* Resources */ = {
			isa = PBXResourcesBuildPhase;
			buildActionMask = 2147483647;
			files = (
				4114EB54209A42F20025E1ED /* Assets.xcassets in Resources */,
				4114EB57209A42F20025E1ED /* Main.storyboard in Resources */,
			);
			runOnlyForDeploymentPostprocessing = 0;
		};
/* End PBXResourcesBuildPhase section */

/* Begin PBXSourcesBuildPhase section */
		4114EB49209A42F10025E1ED /* Sources */ = {
			isa = PBXSourcesBuildPhase;
			buildActionMask = 2147483647;
			files = (
				4114EB52209A42F20025E1ED /* ViewController.swift in Sources */,
				4114EB50209A42F20025E1ED /* AppDelegate.swift in Sources */,
			);
			runOnlyForDeploymentPostprocessing = 0;
		};
		OBJ_101 /* Sources */ = {
			isa = PBXSourcesBuildPhase;
			buildActionMask = 0;
			files = (
				OBJ_102 /* PrefixFiles.swift in Sources */,
				410D4032208F771B0001F0DE /* FileExtension.swift in Sources */,
				4114EB47209A15660025E1ED /* PrefixFrameworkExtension.swift in Sources */,
				41B2136F20988F3D00172FDB /* PrefixError.swift in Sources */,
				OBJ_103 /* PrefixParser.swift in Sources */,
				41B2136D20988ED000172FDB /* PrefixRefactor.swift in Sources */,
				4114EB48209A15700025E1ED /* PrefixFramework.swift in Sources */,
				OBJ_104 /* PrefixTypedValue.swift in Sources */,
				OBJ_105 /* StringExtension.swift in Sources */,
			);
			runOnlyForDeploymentPostprocessing = 0;
		};
		OBJ_114 /* Sources */ = {
			isa = PBXSourcesBuildPhase;
			buildActionMask = 0;
			files = (
				OBJ_115 /* Files.swift in Sources */,
			);
			runOnlyForDeploymentPostprocessing = 0;
		};
		OBJ_120 /* Sources */ = {
			isa = PBXSourcesBuildPhase;
			buildActionMask = 0;
			files = (
				OBJ_121 /* ArgumentList.swift in Sources */,
				OBJ_122 /* ArgumentListManipulator.swift in Sources */,
				OBJ_123 /* CLI.swift in Sources */,
				OBJ_124 /* Command.swift in Sources */,
				OBJ_125 /* Compatibility.swift in Sources */,
				OBJ_126 /* CompletionGenerator.swift in Sources */,
				OBJ_127 /* Error.swift in Sources */,
				OBJ_128 /* HelpCommand.swift in Sources */,
				OBJ_129 /* HelpMessageGenerator.swift in Sources */,
				OBJ_130 /* Input.swift in Sources */,
				OBJ_131 /* Option.swift in Sources */,
				OBJ_132 /* OptionGroup.swift in Sources */,
				OBJ_133 /* OptionRegistry.swift in Sources */,
				OBJ_134 /* Parameter.swift in Sources */,
				OBJ_135 /* Parser.swift in Sources */,
				OBJ_136 /* Path.swift in Sources */,
				OBJ_137 /* Stream.swift in Sources */,
				OBJ_138 /* Task.swift in Sources */,
				OBJ_139 /* Term.swift in Sources */,
				OBJ_140 /* VersionCommand.swift in Sources */,
			);
			runOnlyForDeploymentPostprocessing = 0;
		};
		OBJ_55 /* Sources */ = {
			isa = PBXSourcesBuildPhase;
			buildActionMask = 0;
			files = (
				OBJ_56 /* Package.swift in Sources */,
			);
			runOnlyForDeploymentPostprocessing = 0;
		};
		OBJ_61 /* Sources */ = {
			isa = PBXSourcesBuildPhase;
			buildActionMask = 0;
			files = (
				OBJ_62 /* Package.swift in Sources */,
			);
			runOnlyForDeploymentPostprocessing = 0;
		};
		OBJ_67 /* Sources */ = {
			isa = PBXSourcesBuildPhase;
			buildActionMask = 0;
			files = (
				OBJ_68 /* Package.swift in Sources */,
			);
			runOnlyForDeploymentPostprocessing = 0;
		};
		OBJ_73 /* Sources */ = {
			isa = PBXSourcesBuildPhase;
			buildActionMask = 0;
			files = (
				OBJ_74 /* main.swift in Sources */,
			);
			runOnlyForDeploymentPostprocessing = 0;
		};
		OBJ_89 /* Sources */ = {
			isa = PBXSourcesBuildPhase;
			buildActionMask = 0;
			files = (
				410D40692090C4AE0001F0DE /* PrefixParserTests.swift in Sources */,
				410D4061209093FB0001F0DE /* PrefixTestFile.swift in Sources */,
				410D406720909AE00001F0DE /* PrefixStringExtensionTests.swift in Sources */,
			);
			runOnlyForDeploymentPostprocessing = 0;
		};
/* End PBXSourcesBuildPhase section */

/* Begin PBXTargetDependency section */
		4114EB60209A430F0025E1ED /* PBXTargetDependency */ = {
			isa = PBXTargetDependency;
			target = "Prefix::PrefixCore" /* PrefixCore */;
			targetProxy = 4114EB5F209A430F0025E1ED /* PBXContainerItemProxy */;
		};
		4114EB64209A430F0025E1ED /* PBXTargetDependency */ = {
			isa = PBXTargetDependency;
			target = "Files::Files" /* Files */;
			targetProxy = 4114EB63209A430F0025E1ED /* PBXContainerItemProxy */;
		};
		OBJ_109 /* PBXTargetDependency */ = {
			isa = PBXTargetDependency;
			target = "Files::Files" /* Files */;
			targetProxy = 410D4028208F629C0001F0DE /* PBXContainerItemProxy */;
		};
		OBJ_110 /* PBXTargetDependency */ = {
			isa = PBXTargetDependency;
			target = "SwiftCLI::SwiftCLI" /* SwiftCLI */;
			targetProxy = 410D4029208F629C0001F0DE /* PBXContainerItemProxy */;
		};
		OBJ_146 /* PBXTargetDependency */ = {
			isa = PBXTargetDependency;
			target = "Prefix::PrefixTests" /* PrefixTests */;
			targetProxy = 410D402F208F629D0001F0DE /* PBXContainerItemProxy */;
		};
		OBJ_79 /* PBXTargetDependency */ = {
			isa = PBXTargetDependency;
			target = "Prefix::PrefixCore" /* PrefixCore */;
			targetProxy = 410D4027208F629C0001F0DE /* PBXContainerItemProxy */;
		};
		OBJ_81 /* PBXTargetDependency */ = {
			isa = PBXTargetDependency;
			target = "Files::Files" /* Files */;
			targetProxy = 410D402A208F629C0001F0DE /* PBXContainerItemProxy */;
		};
		OBJ_83 /* PBXTargetDependency */ = {
			isa = PBXTargetDependency;
			target = "SwiftCLI::SwiftCLI" /* SwiftCLI */;
			targetProxy = 410D402B208F629C0001F0DE /* PBXContainerItemProxy */;
		};
		OBJ_95 /* PBXTargetDependency */ = {
			isa = PBXTargetDependency;
			target = "Prefix::PrefixCore" /* PrefixCore */;
			targetProxy = 410D402C208F629C0001F0DE /* PBXContainerItemProxy */;
		};
		OBJ_96 /* PBXTargetDependency */ = {
			isa = PBXTargetDependency;
			target = "Files::Files" /* Files */;
			targetProxy = 410D402D208F629C0001F0DE /* PBXContainerItemProxy */;
		};
		OBJ_97 /* PBXTargetDependency */ = {
			isa = PBXTargetDependency;
			target = "SwiftCLI::SwiftCLI" /* SwiftCLI */;
			targetProxy = 410D402E208F629C0001F0DE /* PBXContainerItemProxy */;
		};
/* End PBXTargetDependency section */

/* Begin PBXVariantGroup section */
		4114EB55209A42F20025E1ED /* Main.storyboard */ = {
			isa = PBXVariantGroup;
			children = (
				4114EB56209A42F20025E1ED /* Base */,
			);
			name = Main.storyboard;
			sourceTree = "<group>";
		};
/* End PBXVariantGroup section */

/* Begin XCBuildConfiguration section */
		4114EB5A209A42F20025E1ED /* Debug */ = {
			isa = XCBuildConfiguration;
			buildSettings = {
				ALWAYS_EMBED_SWIFT_STANDARD_LIBRARIES = YES;
				ALWAYS_SEARCH_USER_PATHS = NO;
				ASSETCATALOG_COMPILER_APPICON_NAME = AppIcon;
				CLANG_ANALYZER_NONNULL = YES;
				CLANG_ANALYZER_NUMBER_OBJECT_CONVERSION = YES_AGGRESSIVE;
				CLANG_CXX_LANGUAGE_STANDARD = "gnu++14";
				CLANG_CXX_LIBRARY = "libc++";
				CLANG_ENABLE_MODULES = YES;
				CLANG_WARN_BLOCK_CAPTURE_AUTORELEASING = YES;
				CLANG_WARN_BOOL_CONVERSION = YES;
				CLANG_WARN_COMMA = YES;
				CLANG_WARN_CONSTANT_CONVERSION = YES;
				CLANG_WARN_DIRECT_OBJC_ISA_USAGE = YES_ERROR;
				CLANG_WARN_DOCUMENTATION_COMMENTS = YES;
				CLANG_WARN_EMPTY_BODY = YES;
				CLANG_WARN_ENUM_CONVERSION = YES;
				CLANG_WARN_INFINITE_RECURSION = YES;
				CLANG_WARN_INT_CONVERSION = YES;
				CLANG_WARN_NON_LITERAL_NULL_CONVERSION = YES;
				CLANG_WARN_OBJC_LITERAL_CONVERSION = YES;
				CLANG_WARN_OBJC_ROOT_CLASS = YES_ERROR;
				CLANG_WARN_RANGE_LOOP_ANALYSIS = YES;
				CLANG_WARN_STRICT_PROTOTYPES = YES;
				CLANG_WARN_SUSPICIOUS_MOVE = YES;
				CLANG_WARN_UNGUARDED_AVAILABILITY = YES_AGGRESSIVE;
				CLANG_WARN_UNREACHABLE_CODE = YES;
				CLANG_WARN__DUPLICATE_METHOD_MATCH = YES;
				CODE_SIGN_ENTITLEMENTS = PrefixApp/PrefixApp.entitlements;
				CODE_SIGN_IDENTITY = "Mac Developer";
				CODE_SIGN_STYLE = Automatic;
				COMBINE_HIDPI_IMAGES = YES;
				DEVELOPMENT_TEAM = T4R84BG8N8;
				ENABLE_STRICT_OBJC_MSGSEND = YES;
				ENABLE_TESTABILITY = YES;
				GCC_C_LANGUAGE_STANDARD = gnu11;
				GCC_DYNAMIC_NO_PIC = NO;
				GCC_NO_COMMON_BLOCKS = YES;
				GCC_PREPROCESSOR_DEFINITIONS = (
					"DEBUG=1",
					"$(inherited)",
				);
				GCC_WARN_64_TO_32_BIT_CONVERSION = YES;
				GCC_WARN_ABOUT_RETURN_TYPE = YES_ERROR;
				GCC_WARN_UNDECLARED_SELECTOR = YES;
				GCC_WARN_UNINITIALIZED_AUTOS = YES_AGGRESSIVE;
				GCC_WARN_UNUSED_FUNCTION = YES;
				GCC_WARN_UNUSED_VARIABLE = YES;
				INFOPLIST_FILE = PrefixApp/Info.plist;
				LD_RUNPATH_SEARCH_PATHS = "$(inherited) @executable_path/../Frameworks";
				MACOSX_DEPLOYMENT_TARGET = 10.12;
				MTL_ENABLE_DEBUG_INFO = YES;
				PRODUCT_BUNDLE_IDENTIFIER = Imodeveloperlab.PrefixApp;
				PRODUCT_NAME = "$(TARGET_NAME)";
				SWIFT_ACTIVE_COMPILATION_CONDITIONS = DEBUG;
				SWIFT_VERSION = 4.0;
			};
			name = Debug;
		};
		4114EB5B209A42F20025E1ED /* Release */ = {
			isa = XCBuildConfiguration;
			buildSettings = {
				ALWAYS_EMBED_SWIFT_STANDARD_LIBRARIES = YES;
				ALWAYS_SEARCH_USER_PATHS = NO;
				ASSETCATALOG_COMPILER_APPICON_NAME = AppIcon;
				CLANG_ANALYZER_NONNULL = YES;
				CLANG_ANALYZER_NUMBER_OBJECT_CONVERSION = YES_AGGRESSIVE;
				CLANG_CXX_LANGUAGE_STANDARD = "gnu++14";
				CLANG_CXX_LIBRARY = "libc++";
				CLANG_ENABLE_MODULES = YES;
				CLANG_WARN_BLOCK_CAPTURE_AUTORELEASING = YES;
				CLANG_WARN_BOOL_CONVERSION = YES;
				CLANG_WARN_COMMA = YES;
				CLANG_WARN_CONSTANT_CONVERSION = YES;
				CLANG_WARN_DIRECT_OBJC_ISA_USAGE = YES_ERROR;
				CLANG_WARN_DOCUMENTATION_COMMENTS = YES;
				CLANG_WARN_EMPTY_BODY = YES;
				CLANG_WARN_ENUM_CONVERSION = YES;
				CLANG_WARN_INFINITE_RECURSION = YES;
				CLANG_WARN_INT_CONVERSION = YES;
				CLANG_WARN_NON_LITERAL_NULL_CONVERSION = YES;
				CLANG_WARN_OBJC_LITERAL_CONVERSION = YES;
				CLANG_WARN_OBJC_ROOT_CLASS = YES_ERROR;
				CLANG_WARN_RANGE_LOOP_ANALYSIS = YES;
				CLANG_WARN_STRICT_PROTOTYPES = YES;
				CLANG_WARN_SUSPICIOUS_MOVE = YES;
				CLANG_WARN_UNGUARDED_AVAILABILITY = YES_AGGRESSIVE;
				CLANG_WARN_UNREACHABLE_CODE = YES;
				CLANG_WARN__DUPLICATE_METHOD_MATCH = YES;
				CODE_SIGN_ENTITLEMENTS = PrefixApp/PrefixApp.entitlements;
				CODE_SIGN_IDENTITY = "Mac Developer";
				CODE_SIGN_STYLE = Automatic;
				COMBINE_HIDPI_IMAGES = YES;
				COPY_PHASE_STRIP = NO;
				DEVELOPMENT_TEAM = T4R84BG8N8;
				ENABLE_NS_ASSERTIONS = NO;
				ENABLE_STRICT_OBJC_MSGSEND = YES;
				GCC_C_LANGUAGE_STANDARD = gnu11;
				GCC_NO_COMMON_BLOCKS = YES;
				GCC_WARN_64_TO_32_BIT_CONVERSION = YES;
				GCC_WARN_ABOUT_RETURN_TYPE = YES_ERROR;
				GCC_WARN_UNDECLARED_SELECTOR = YES;
				GCC_WARN_UNINITIALIZED_AUTOS = YES_AGGRESSIVE;
				GCC_WARN_UNUSED_FUNCTION = YES;
				GCC_WARN_UNUSED_VARIABLE = YES;
				INFOPLIST_FILE = PrefixApp/Info.plist;
				LD_RUNPATH_SEARCH_PATHS = "$(inherited) @executable_path/../Frameworks";
				MACOSX_DEPLOYMENT_TARGET = 10.12;
				MTL_ENABLE_DEBUG_INFO = NO;
				PRODUCT_BUNDLE_IDENTIFIER = Imodeveloperlab.PrefixApp;
				PRODUCT_NAME = "$(TARGET_NAME)";
				SWIFT_VERSION = 4.0;
			};
			name = Release;
		};
		OBJ_100 /* Release */ = {
			isa = XCBuildConfiguration;
			buildSettings = {
				CODE_SIGN_IDENTITY = "Mac Developer";
				DEVELOPMENT_TEAM = T4R84BG8N8;
				ENABLE_TESTABILITY = YES;
				FRAMEWORK_SEARCH_PATHS = (
					"$(inherited)",
					"$(PLATFORM_DIR)/Developer/Library/Frameworks",
				);
				HEADER_SEARCH_PATHS = "$(inherited)";
				INFOPLIST_FILE = Prefix.xcodeproj/PrefixCore_Info.plist;
				LD_RUNPATH_SEARCH_PATHS = "$(TOOLCHAIN_DIR)/usr/lib/swift/macosx";
				OTHER_LDFLAGS = "$(inherited)";
				OTHER_SWIFT_FLAGS = "$(inherited)";
				PRODUCT_BUNDLE_IDENTIFIER = PrefixCore;
				PRODUCT_MODULE_NAME = "$(TARGET_NAME:c99extidentifier)";
				PRODUCT_NAME = "$(TARGET_NAME:c99extidentifier)";
				SKIP_INSTALL = YES;
				SWIFT_VERSION = 4.0;
				TARGET_NAME = PrefixCore;
			};
			name = Release;
		};
		OBJ_112 /* Debug */ = {
			isa = XCBuildConfiguration;
			buildSettings = {
				CODE_SIGN_IDENTITY = "Mac Developer";
				DEVELOPMENT_TEAM = T4R84BG8N8;
				ENABLE_TESTABILITY = YES;
				FRAMEWORK_SEARCH_PATHS = (
					"$(inherited)",
					"$(PLATFORM_DIR)/Developer/Library/Frameworks",
				);
				HEADER_SEARCH_PATHS = "$(inherited)";
				INFOPLIST_FILE = Prefix.xcodeproj/Files_Info.plist;
				LD_RUNPATH_SEARCH_PATHS = "$(TOOLCHAIN_DIR)/usr/lib/swift/macosx";
				OTHER_LDFLAGS = "$(inherited)";
				OTHER_SWIFT_FLAGS = "$(inherited)";
				PRODUCT_BUNDLE_IDENTIFIER = Files;
				PRODUCT_MODULE_NAME = "$(TARGET_NAME:c99extidentifier)";
				PRODUCT_NAME = "$(TARGET_NAME:c99extidentifier)";
				SKIP_INSTALL = YES;
				SWIFT_VERSION = 4.0;
				TARGET_NAME = Files;
			};
			name = Debug;
		};
		OBJ_113 /* Release */ = {
			isa = XCBuildConfiguration;
			buildSettings = {
				CODE_SIGN_IDENTITY = "Mac Developer";
				DEVELOPMENT_TEAM = T4R84BG8N8;
				ENABLE_TESTABILITY = YES;
				FRAMEWORK_SEARCH_PATHS = (
					"$(inherited)",
					"$(PLATFORM_DIR)/Developer/Library/Frameworks",
				);
				HEADER_SEARCH_PATHS = "$(inherited)";
				INFOPLIST_FILE = Prefix.xcodeproj/Files_Info.plist;
				LD_RUNPATH_SEARCH_PATHS = "$(TOOLCHAIN_DIR)/usr/lib/swift/macosx";
				OTHER_LDFLAGS = "$(inherited)";
				OTHER_SWIFT_FLAGS = "$(inherited)";
				PRODUCT_BUNDLE_IDENTIFIER = Files;
				PRODUCT_MODULE_NAME = "$(TARGET_NAME:c99extidentifier)";
				PRODUCT_NAME = "$(TARGET_NAME:c99extidentifier)";
				SKIP_INSTALL = YES;
				SWIFT_VERSION = 4.0;
				TARGET_NAME = Files;
			};
			name = Release;
		};
		OBJ_118 /* Debug */ = {
			isa = XCBuildConfiguration;
			buildSettings = {
				ENABLE_TESTABILITY = YES;
				FRAMEWORK_SEARCH_PATHS = (
					"$(inherited)",
					"$(PLATFORM_DIR)/Developer/Library/Frameworks",
				);
				HEADER_SEARCH_PATHS = "$(inherited)";
				INFOPLIST_FILE = Prefix.xcodeproj/SwiftCLI_Info.plist;
				LD_RUNPATH_SEARCH_PATHS = "$(TOOLCHAIN_DIR)/usr/lib/swift/macosx";
				OTHER_LDFLAGS = "$(inherited)";
				OTHER_SWIFT_FLAGS = "$(inherited)";
				PRODUCT_BUNDLE_IDENTIFIER = SwiftCLI;
				PRODUCT_MODULE_NAME = "$(TARGET_NAME:c99extidentifier)";
				PRODUCT_NAME = "$(TARGET_NAME:c99extidentifier)";
				SKIP_INSTALL = YES;
				SWIFT_VERSION = 4.0;
				TARGET_NAME = SwiftCLI;
			};
			name = Debug;
		};
		OBJ_119 /* Release */ = {
			isa = XCBuildConfiguration;
			buildSettings = {
				ENABLE_TESTABILITY = YES;
				FRAMEWORK_SEARCH_PATHS = (
					"$(inherited)",
					"$(PLATFORM_DIR)/Developer/Library/Frameworks",
				);
				HEADER_SEARCH_PATHS = "$(inherited)";
				INFOPLIST_FILE = Prefix.xcodeproj/SwiftCLI_Info.plist;
				LD_RUNPATH_SEARCH_PATHS = "$(TOOLCHAIN_DIR)/usr/lib/swift/macosx";
				OTHER_LDFLAGS = "$(inherited)";
				OTHER_SWIFT_FLAGS = "$(inherited)";
				PRODUCT_BUNDLE_IDENTIFIER = SwiftCLI;
				PRODUCT_MODULE_NAME = "$(TARGET_NAME:c99extidentifier)";
				PRODUCT_NAME = "$(TARGET_NAME:c99extidentifier)";
				SKIP_INSTALL = YES;
				SWIFT_VERSION = 4.0;
				TARGET_NAME = SwiftCLI;
			};
			name = Release;
		};
		OBJ_144 /* Debug */ = {
			isa = XCBuildConfiguration;
			buildSettings = {
			};
			name = Debug;
		};
		OBJ_145 /* Release */ = {
			isa = XCBuildConfiguration;
			buildSettings = {
			};
			name = Release;
		};
		OBJ_3 /* Debug */ = {
			isa = XCBuildConfiguration;
			buildSettings = {
				CLANG_ENABLE_OBJC_ARC = YES;
				COMBINE_HIDPI_IMAGES = YES;
				COPY_PHASE_STRIP = NO;
				DEBUG_INFORMATION_FORMAT = dwarf;
				DYLIB_INSTALL_NAME_BASE = "@rpath";
				ENABLE_NS_ASSERTIONS = YES;
				GCC_OPTIMIZATION_LEVEL = 0;
				MACOSX_DEPLOYMENT_TARGET = 10.10;
				ONLY_ACTIVE_ARCH = YES;
				OTHER_SWIFT_FLAGS = "-DXcode";
				PRODUCT_NAME = "$(TARGET_NAME)";
				SDKROOT = macosx;
				SUPPORTED_PLATFORMS = "macosx iphoneos iphonesimulator appletvos appletvsimulator watchos watchsimulator";
				SWIFT_ACTIVE_COMPILATION_CONDITIONS = SWIFT_PACKAGE;
				SWIFT_OPTIMIZATION_LEVEL = "-Onone";
				USE_HEADERMAP = NO;
			};
			name = Debug;
		};
		OBJ_4 /* Release */ = {
			isa = XCBuildConfiguration;
			buildSettings = {
				CLANG_ENABLE_OBJC_ARC = YES;
				COMBINE_HIDPI_IMAGES = YES;
				COPY_PHASE_STRIP = YES;
				DEBUG_INFORMATION_FORMAT = "dwarf-with-dsym";
				DYLIB_INSTALL_NAME_BASE = "@rpath";
				GCC_OPTIMIZATION_LEVEL = s;
				MACOSX_DEPLOYMENT_TARGET = 10.10;
				OTHER_SWIFT_FLAGS = "-DXcode";
				PRODUCT_NAME = "$(TARGET_NAME)";
				SDKROOT = macosx;
				SUPPORTED_PLATFORMS = "macosx iphoneos iphonesimulator appletvos appletvsimulator watchos watchsimulator";
				SWIFT_ACTIVE_COMPILATION_CONDITIONS = SWIFT_PACKAGE;
				SWIFT_OPTIMIZATION_LEVEL = "-Owholemodule";
				USE_HEADERMAP = NO;
			};
			name = Release;
		};
		OBJ_53 /* Debug */ = {
			isa = XCBuildConfiguration;
			buildSettings = {
				LD = /usr/bin/true;
				OTHER_SWIFT_FLAGS = "-swift-version 4 -I /Applications/Xcode.app/Contents/Developer/Toolchains/XcodeDefault.xctoolchain/usr/lib/swift/pm/4 -target x86_64-apple-macosx10.10 -sdk /Applications/Xcode.app/Contents/Developer/Platforms/MacOSX.platform/Developer/SDKs/MacOSX10.13.sdk";
				SWIFT_VERSION = 4.0;
			};
			name = Debug;
		};
		OBJ_54 /* Release */ = {
			isa = XCBuildConfiguration;
			buildSettings = {
				LD = /usr/bin/true;
				OTHER_SWIFT_FLAGS = "-swift-version 4 -I /Applications/Xcode.app/Contents/Developer/Toolchains/XcodeDefault.xctoolchain/usr/lib/swift/pm/4 -target x86_64-apple-macosx10.10 -sdk /Applications/Xcode.app/Contents/Developer/Platforms/MacOSX.platform/Developer/SDKs/MacOSX10.13.sdk";
				SWIFT_VERSION = 4.0;
			};
			name = Release;
		};
		OBJ_59 /* Debug */ = {
			isa = XCBuildConfiguration;
			buildSettings = {
				LD = /usr/bin/true;
				OTHER_SWIFT_FLAGS = "-swift-version 4 -I /Applications/Xcode.app/Contents/Developer/Toolchains/XcodeDefault.xctoolchain/usr/lib/swift/pm/4 -target x86_64-apple-macosx10.10 -sdk /Applications/Xcode.app/Contents/Developer/Platforms/MacOSX.platform/Developer/SDKs/MacOSX10.13.sdk";
				SWIFT_VERSION = 4.0;
			};
			name = Debug;
		};
		OBJ_60 /* Release */ = {
			isa = XCBuildConfiguration;
			buildSettings = {
				LD = /usr/bin/true;
				OTHER_SWIFT_FLAGS = "-swift-version 4 -I /Applications/Xcode.app/Contents/Developer/Toolchains/XcodeDefault.xctoolchain/usr/lib/swift/pm/4 -target x86_64-apple-macosx10.10 -sdk /Applications/Xcode.app/Contents/Developer/Platforms/MacOSX.platform/Developer/SDKs/MacOSX10.13.sdk";
				SWIFT_VERSION = 4.0;
			};
			name = Release;
		};
		OBJ_65 /* Debug */ = {
			isa = XCBuildConfiguration;
			buildSettings = {
				LD = /usr/bin/true;
				OTHER_SWIFT_FLAGS = "-swift-version 4 -I /Applications/Xcode.app/Contents/Developer/Toolchains/XcodeDefault.xctoolchain/usr/lib/swift/pm/4 -target x86_64-apple-macosx10.10 -sdk /Applications/Xcode.app/Contents/Developer/Platforms/MacOSX.platform/Developer/SDKs/MacOSX10.13.sdk";
				SWIFT_VERSION = 4.0;
			};
			name = Debug;
		};
		OBJ_66 /* Release */ = {
			isa = XCBuildConfiguration;
			buildSettings = {
				LD = /usr/bin/true;
				OTHER_SWIFT_FLAGS = "-swift-version 4 -I /Applications/Xcode.app/Contents/Developer/Toolchains/XcodeDefault.xctoolchain/usr/lib/swift/pm/4 -target x86_64-apple-macosx10.10 -sdk /Applications/Xcode.app/Contents/Developer/Platforms/MacOSX.platform/Developer/SDKs/MacOSX10.13.sdk";
				SWIFT_VERSION = 4.0;
			};
			name = Release;
		};
		OBJ_71 /* Debug */ = {
			isa = XCBuildConfiguration;
			buildSettings = {
				FRAMEWORK_SEARCH_PATHS = (
					"$(inherited)",
					"$(PLATFORM_DIR)/Developer/Library/Frameworks",
				);
				HEADER_SEARCH_PATHS = "$(inherited)";
				INFOPLIST_FILE = Prefix.xcodeproj/Prefix_Info.plist;
				LD_RUNPATH_SEARCH_PATHS = "$(TOOLCHAIN_DIR)/usr/lib/swift/macosx @executable_path";
				OTHER_LDFLAGS = "$(inherited)";
				OTHER_SWIFT_FLAGS = "$(inherited)";
				SWIFT_FORCE_DYNAMIC_LINK_STDLIB = YES;
				SWIFT_FORCE_STATIC_LINK_STDLIB = NO;
				SWIFT_VERSION = 4.0;
				TARGET_NAME = Prefix;
			};
			name = Debug;
		};
		OBJ_72 /* Release */ = {
			isa = XCBuildConfiguration;
			buildSettings = {
				FRAMEWORK_SEARCH_PATHS = (
					"$(inherited)",
					"$(PLATFORM_DIR)/Developer/Library/Frameworks",
				);
				HEADER_SEARCH_PATHS = "$(inherited)";
				INFOPLIST_FILE = Prefix.xcodeproj/Prefix_Info.plist;
				LD_RUNPATH_SEARCH_PATHS = "$(TOOLCHAIN_DIR)/usr/lib/swift/macosx @executable_path";
				OTHER_LDFLAGS = "$(inherited)";
				OTHER_SWIFT_FLAGS = "$(inherited)";
				SWIFT_FORCE_DYNAMIC_LINK_STDLIB = YES;
				SWIFT_FORCE_STATIC_LINK_STDLIB = NO;
				SWIFT_VERSION = 4.0;
				TARGET_NAME = Prefix;
			};
			name = Release;
		};
		OBJ_87 /* Debug */ = {
			isa = XCBuildConfiguration;
			buildSettings = {
				EMBEDDED_CONTENT_CONTAINS_SWIFT = YES;
				FRAMEWORK_SEARCH_PATHS = (
					"$(inherited)",
					"$(PLATFORM_DIR)/Developer/Library/Frameworks",
				);
				HEADER_SEARCH_PATHS = "$(inherited)";
				INFOPLIST_FILE = Prefix.xcodeproj/PrefixTests_Info.plist;
				LD_RUNPATH_SEARCH_PATHS = "@loader_path/../Frameworks @loader_path/Frameworks";
				OTHER_LDFLAGS = "$(inherited)";
				OTHER_SWIFT_FLAGS = "$(inherited)";
				SWIFT_VERSION = 4.0;
				TARGET_NAME = PrefixTests;
			};
			name = Debug;
		};
		OBJ_88 /* Release */ = {
			isa = XCBuildConfiguration;
			buildSettings = {
				EMBEDDED_CONTENT_CONTAINS_SWIFT = YES;
				FRAMEWORK_SEARCH_PATHS = (
					"$(inherited)",
					"$(PLATFORM_DIR)/Developer/Library/Frameworks",
				);
				HEADER_SEARCH_PATHS = "$(inherited)";
				INFOPLIST_FILE = Prefix.xcodeproj/PrefixTests_Info.plist;
				LD_RUNPATH_SEARCH_PATHS = "@loader_path/../Frameworks @loader_path/Frameworks";
				OTHER_LDFLAGS = "$(inherited)";
				OTHER_SWIFT_FLAGS = "$(inherited)";
				SWIFT_VERSION = 4.0;
				TARGET_NAME = PrefixTests;
			};
			name = Release;
		};
		OBJ_99 /* Debug */ = {
			isa = XCBuildConfiguration;
			buildSettings = {
				CODE_SIGN_IDENTITY = "Mac Developer";
				DEVELOPMENT_TEAM = T4R84BG8N8;
				ENABLE_TESTABILITY = YES;
				FRAMEWORK_SEARCH_PATHS = (
					"$(inherited)",
					"$(PLATFORM_DIR)/Developer/Library/Frameworks",
				);
				HEADER_SEARCH_PATHS = "$(inherited)";
				INFOPLIST_FILE = Prefix.xcodeproj/PrefixCore_Info.plist;
				LD_RUNPATH_SEARCH_PATHS = "$(TOOLCHAIN_DIR)/usr/lib/swift/macosx";
				OTHER_LDFLAGS = "$(inherited)";
				OTHER_SWIFT_FLAGS = "$(inherited)";
				PRODUCT_BUNDLE_IDENTIFIER = PrefixCore;
				PRODUCT_MODULE_NAME = "$(TARGET_NAME:c99extidentifier)";
				PRODUCT_NAME = "$(TARGET_NAME:c99extidentifier)";
				SKIP_INSTALL = YES;
				SWIFT_VERSION = 4.0;
				TARGET_NAME = PrefixCore;
			};
			name = Debug;
		};
/* End XCBuildConfiguration section */

/* Begin XCConfigurationList section */
		4114EB5C209A42F20025E1ED /* Build configuration list for PBXNativeTarget "PrefixApp" */ = {
			isa = XCConfigurationList;
			buildConfigurations = (
				4114EB5A209A42F20025E1ED /* Debug */,
				4114EB5B209A42F20025E1ED /* Release */,
			);
			defaultConfigurationIsVisible = 0;
			defaultConfigurationName = Debug;
		};
		OBJ_111 /* Build configuration list for PBXNativeTarget "Files" */ = {
			isa = XCConfigurationList;
			buildConfigurations = (
				OBJ_112 /* Debug */,
				OBJ_113 /* Release */,
			);
			defaultConfigurationIsVisible = 0;
			defaultConfigurationName = Debug;
		};
		OBJ_117 /* Build configuration list for PBXNativeTarget "SwiftCLI" */ = {
			isa = XCConfigurationList;
			buildConfigurations = (
				OBJ_118 /* Debug */,
				OBJ_119 /* Release */,
			);
			defaultConfigurationIsVisible = 0;
			defaultConfigurationName = Debug;
		};
		OBJ_143 /* Build configuration list for PBXAggregateTarget "PrefixPackageTests" */ = {
			isa = XCConfigurationList;
			buildConfigurations = (
				OBJ_144 /* Debug */,
				OBJ_145 /* Release */,
			);
			defaultConfigurationIsVisible = 0;
			defaultConfigurationName = Debug;
		};
		OBJ_2 /* Build configuration list for PBXProject "Prefix" */ = {
			isa = XCConfigurationList;
			buildConfigurations = (
				OBJ_3 /* Debug */,
				OBJ_4 /* Release */,
			);
			defaultConfigurationIsVisible = 0;
			defaultConfigurationName = Debug;
		};
		OBJ_52 /* Build configuration list for PBXNativeTarget "PrefixPackageDescription" */ = {
			isa = XCConfigurationList;
			buildConfigurations = (
				OBJ_53 /* Debug */,
				OBJ_54 /* Release */,
			);
			defaultConfigurationIsVisible = 0;
			defaultConfigurationName = Debug;
		};
		OBJ_58 /* Build configuration list for PBXNativeTarget "FilesPackageDescription" */ = {
			isa = XCConfigurationList;
			buildConfigurations = (
				OBJ_59 /* Debug */,
				OBJ_60 /* Release */,
			);
			defaultConfigurationIsVisible = 0;
			defaultConfigurationName = Debug;
		};
		OBJ_64 /* Build configuration list for PBXNativeTarget "SwiftCLIPackageDescription" */ = {
			isa = XCConfigurationList;
			buildConfigurations = (
				OBJ_65 /* Debug */,
				OBJ_66 /* Release */,
			);
			defaultConfigurationIsVisible = 0;
			defaultConfigurationName = Debug;
		};
		OBJ_70 /* Build configuration list for PBXNativeTarget "Prefix" */ = {
			isa = XCConfigurationList;
			buildConfigurations = (
				OBJ_71 /* Debug */,
				OBJ_72 /* Release */,
			);
			defaultConfigurationIsVisible = 0;
			defaultConfigurationName = Debug;
		};
		OBJ_86 /* Build configuration list for PBXNativeTarget "PrefixTests" */ = {
			isa = XCConfigurationList;
			buildConfigurations = (
				OBJ_87 /* Debug */,
				OBJ_88 /* Release */,
			);
			defaultConfigurationIsVisible = 0;
			defaultConfigurationName = Debug;
		};
		OBJ_98 /* Build configuration list for PBXNativeTarget "PrefixCore" */ = {
			isa = XCConfigurationList;
			buildConfigurations = (
				OBJ_99 /* Debug */,
				OBJ_100 /* Release */,
			);
			defaultConfigurationIsVisible = 0;
			defaultConfigurationName = Debug;
		};
/* End XCConfigurationList section */
	};
	rootObject = OBJ_1 /* Project object */;
}
